// !$*UTF8*$!
{
	archiveVersion = 1;
	classes = {
	};
	objectVersion = 56;
	objects = {

/* Begin PBXBuildFile section */
		735EA50E29E98B1C00779122 /* MultiCharacter.swift in Sources */ = {isa = PBXBuildFile; fileRef = 735EA50D29E98B1C00779122 /* MultiCharacter.swift */; };
		736444F729E4177300A80EEC /* TokenizerApp.swift in Sources */ = {isa = PBXBuildFile; fileRef = 736444F629E4177300A80EEC /* TokenizerApp.swift */; };
		736444F929E4177300A80EEC /* TokeizerView.swift in Sources */ = {isa = PBXBuildFile; fileRef = 736444F829E4177300A80EEC /* TokeizerView.swift */; };
		736444FB29E4177400A80EEC /* Assets.xcassets in Resources */ = {isa = PBXBuildFile; fileRef = 736444FA29E4177400A80EEC /* Assets.xcassets */; };
		736444FE29E4177400A80EEC /* Preview Assets.xcassets in Resources */ = {isa = PBXBuildFile; fileRef = 736444FD29E4177400A80EEC /* Preview Assets.xcassets */; };
		7364450A29E4178A00A80EEC /* SingleCharacter.swift in Sources */ = {isa = PBXBuildFile; fileRef = 7364450529E4178900A80EEC /* SingleCharacter.swift */; };
		7364450B29E4178A00A80EEC /* Tokenizer.swift in Sources */ = {isa = PBXBuildFile; fileRef = 7364450629E4178900A80EEC /* Tokenizer.swift */; };
		7364450C29E4178A00A80EEC /* String+.swift in Sources */ = {isa = PBXBuildFile; fileRef = 7364450729E4178900A80EEC /* String+.swift */; };
		7364450D29E4178A00A80EEC /* Token.swift in Sources */ = {isa = PBXBuildFile; fileRef = 7364450929E4178900A80EEC /* Token.swift */; };
/* End PBXBuildFile section */

/* Begin PBXFileReference section */
		735EA50D29E98B1C00779122 /* MultiCharacter.swift */ = {isa = PBXFileReference; lastKnownFileType = sourcecode.swift; path = MultiCharacter.swift; sourceTree = "<group>"; };
		736444F329E4177300A80EEC /* Tokenizer.app */ = {isa = PBXFileReference; explicitFileType = wrapper.application; includeInIndex = 0; path = Tokenizer.app; sourceTree = BUILT_PRODUCTS_DIR; };
		736444F629E4177300A80EEC /* TokenizerApp.swift */ = {isa = PBXFileReference; lastKnownFileType = sourcecode.swift; path = TokenizerApp.swift; sourceTree = "<group>"; };
		736444F829E4177300A80EEC /* TokeizerView.swift */ = {isa = PBXFileReference; lastKnownFileType = sourcecode.swift; path = TokeizerView.swift; sourceTree = "<group>"; };
		736444FA29E4177400A80EEC /* Assets.xcassets */ = {isa = PBXFileReference; lastKnownFileType = folder.assetcatalog; path = Assets.xcassets; sourceTree = "<group>"; };
		736444FD29E4177400A80EEC /* Preview Assets.xcassets */ = {isa = PBXFileReference; lastKnownFileType = folder.assetcatalog; path = "Preview Assets.xcassets"; sourceTree = "<group>"; };
		7364450529E4178900A80EEC /* SingleCharacter.swift */ = {isa = PBXFileReference; fileEncoding = 4; lastKnownFileType = sourcecode.swift; path = SingleCharacter.swift; sourceTree = "<group>"; };
		7364450629E4178900A80EEC /* Tokenizer.swift */ = {isa = PBXFileReference; fileEncoding = 4; lastKnownFileType = sourcecode.swift; path = Tokenizer.swift; sourceTree = "<group>"; };
		7364450729E4178900A80EEC /* String+.swift */ = {isa = PBXFileReference; fileEncoding = 4; lastKnownFileType = sourcecode.swift; path = "String+.swift"; sourceTree = "<group>"; };
		7364450929E4178900A80EEC /* Token.swift */ = {isa = PBXFileReference; fileEncoding = 4; lastKnownFileType = sourcecode.swift; path = Token.swift; sourceTree = "<group>"; };
/* End PBXFileReference section */

/* Begin PBXFrameworksBuildPhase section */
		736444F029E4177300A80EEC /* Frameworks */ = {
			isa = PBXFrameworksBuildPhase;
			buildActionMask = 2147483647;
			files = (
			);
			runOnlyForDeploymentPostprocessing = 0;
		};
/* End PBXFrameworksBuildPhase section */

/* Begin PBXGroup section */
		736444EA29E4177300A80EEC = {
			isa = PBXGroup;
			children = (
				736444F529E4177300A80EEC /* Tokenizer */,
				736444F429E4177300A80EEC /* Products */,
			);
			sourceTree = "<group>";
		};
		736444F429E4177300A80EEC /* Products */ = {
			isa = PBXGroup;
			children = (
				736444F329E4177300A80EEC /* Tokenizer.app */,
			);
			name = Products;
			sourceTree = "<group>";
		};
		736444F529E4177300A80EEC /* Tokenizer */ = {
			isa = PBXGroup;
			children = (
				7364450729E4178900A80EEC /* String+.swift */,
				7364450829E4178900A80EEC /* Model */,
				7364450429E4178900A80EEC /* ViewModel */,
				73CCCAC229E41B880001D9E3 /* Views */,
				736444F629E4177300A80EEC /* TokenizerApp.swift */,
				736444FA29E4177400A80EEC /* Assets.xcassets */,
				736444FC29E4177400A80EEC /* Preview Content */,
			);
			path = Tokenizer;
			sourceTree = "<group>";
		};
		736444FC29E4177400A80EEC /* Preview Content */ = {
			isa = PBXGroup;
			children = (
				736444FD29E4177400A80EEC /* Preview Assets.xcassets */,
			);
			path = "Preview Content";
			sourceTree = "<group>";
		};
		7364450429E4178900A80EEC /* ViewModel */ = {
			isa = PBXGroup;
			children = (
				7364450529E4178900A80EEC /* SingleCharacter.swift */,
				7364450629E4178900A80EEC /* Tokenizer.swift */,
				735EA50D29E98B1C00779122 /* MultiCharacter.swift */,
			);
			path = ViewModel;
			sourceTree = "<group>";
		};
		7364450829E4178900A80EEC /* Model */ = {
			isa = PBXGroup;
			children = (
				7364450929E4178900A80EEC /* Token.swift */,
			);
			path = Model;
			sourceTree = "<group>";
		};
		73CCCAC229E41B880001D9E3 /* Views */ = {
			isa = PBXGroup;
			children = (
				736444F829E4177300A80EEC /* TokeizerView.swift */,
			);
			path = Views;
			sourceTree = "<group>";
		};
/* End PBXGroup section */

/* Begin PBXNativeTarget section */
		736444F229E4177300A80EEC /* Tokenizer */ = {
			isa = PBXNativeTarget;
			buildConfigurationList = 7364450129E4177400A80EEC /* Build configuration list for PBXNativeTarget "Tokenizer" */;
			buildPhases = (
				736444EF29E4177300A80EEC /* Sources */,
				736444F029E4177300A80EEC /* Frameworks */,
				736444F129E4177300A80EEC /* Resources */,
			);
			buildRules = (
			);
			dependencies = (
			);
			name = Tokenizer;
			productName = Tokenizer;
			productReference = 736444F329E4177300A80EEC /* Tokenizer.app */;
			productType = "com.apple.product-type.application";
		};
/* End PBXNativeTarget section */

/* Begin PBXProject section */
		736444EB29E4177300A80EEC /* Project object */ = {
			isa = PBXProject;
			attributes = {
				BuildIndependentTargetsInParallel = 1;
				LastSwiftUpdateCheck = 1400;
				LastUpgradeCheck = 1400;
				TargetAttributes = {
					736444F229E4177300A80EEC = {
						CreatedOnToolsVersion = 14.0.1;
					};
				};
			};
			buildConfigurationList = 736444EE29E4177300A80EEC /* Build configuration list for PBXProject "Tokenizer" */;
			compatibilityVersion = "Xcode 14.0";
			developmentRegion = en;
			hasScannedForEncodings = 0;
			knownRegions = (
				en,
				Base,
			);
			mainGroup = 736444EA29E4177300A80EEC;
			productRefGroup = 736444F429E4177300A80EEC /* Products */;
			projectDirPath = "";
			projectRoot = "";
			targets = (
				736444F229E4177300A80EEC /* Tokenizer */,
			);
		};
/* End PBXProject section */

/* Begin PBXResourcesBuildPhase section */
		736444F129E4177300A80EEC /* Resources */ = {
			isa = PBXResourcesBuildPhase;
			buildActionMask = 2147483647;
			files = (
				736444FE29E4177400A80EEC /* Preview Assets.xcassets in Resources */,
				736444FB29E4177400A80EEC /* Assets.xcassets in Resources */,
			);
			runOnlyForDeploymentPostprocessing = 0;
		};
/* End PBXResourcesBuildPhase section */

/* Begin PBXSourcesBuildPhase section */
		736444EF29E4177300A80EEC /* Sources */ = {
			isa = PBXSourcesBuildPhase;
			buildActionMask = 2147483647;
			files = (
				736444F929E4177300A80EEC /* TokeizerView.swift in Sources */,
				7364450B29E4178A00A80EEC /* Tokenizer.swift in Sources */,
				735EA50E29E98B1C00779122 /* MultiCharacter.swift in Sources */,
				7364450C29E4178A00A80EEC /* String+.swift in Sources */,
				7364450D29E4178A00A80EEC /* Token.swift in Sources */,
				736444F729E4177300A80EEC /* TokenizerApp.swift in Sources */,
				7364450A29E4178A00A80EEC /* SingleCharacter.swift in Sources */,
			);
			runOnlyForDeploymentPostprocessing = 0;
		};
/* End PBXSourcesBuildPhase section */

/* Begin XCBuildConfiguration section */
		736444FF29E4177400A80EEC /* Debug */ = {
			isa = XCBuildConfiguration;
			buildSettings = {
				ALWAYS_SEARCH_USER_PATHS = NO;
				CLANG_ANALYZER_NONNULL = YES;
				CLANG_ANALYZER_NUMBER_OBJECT_CONVERSION = YES_AGGRESSIVE;
				CLANG_CXX_LANGUAGE_STANDARD = "gnu++20";
				CLANG_ENABLE_MODULES = YES;
				CLANG_ENABLE_OBJC_ARC = YES;
				CLANG_ENABLE_OBJC_WEAK = YES;
				CLANG_WARN_BLOCK_CAPTURE_AUTORELEASING = YES;
				CLANG_WARN_BOOL_CONVERSION = YES;
				CLANG_WARN_COMMA = YES;
				CLANG_WARN_CONSTANT_CONVERSION = YES;
				CLANG_WARN_DEPRECATED_OBJC_IMPLEMENTATIONS = YES;
				CLANG_WARN_DIRECT_OBJC_ISA_USAGE = YES_ERROR;
				CLANG_WARN_DOCUMENTATION_COMMENTS = YES;
				CLANG_WARN_EMPTY_BODY = YES;
				CLANG_WARN_ENUM_CONVERSION = YES;
				CLANG_WARN_INFINITE_RECURSION = YES;
				CLANG_WARN_INT_CONVERSION = YES;
				CLANG_WARN_NON_LITERAL_NULL_CONVERSION = YES;
				CLANG_WARN_OBJC_IMPLICIT_RETAIN_SELF = YES;
				CLANG_WARN_OBJC_LITERAL_CONVERSION = YES;
				CLANG_WARN_OBJC_ROOT_CLASS = YES_ERROR;
				CLANG_WARN_QUOTED_INCLUDE_IN_FRAMEWORK_HEADER = YES;
				CLANG_WARN_RANGE_LOOP_ANALYSIS = YES;
				CLANG_WARN_STRICT_PROTOTYPES = YES;
				CLANG_WARN_SUSPICIOUS_MOVE = YES;
				CLANG_WARN_UNGUARDED_AVAILABILITY = YES_AGGRESSIVE;
				CLANG_WARN_UNREACHABLE_CODE = YES;
				CLANG_WARN__DUPLICATE_METHOD_MATCH = YES;
				COPY_PHASE_STRIP = NO;
				DEBUG_INFORMATION_FORMAT = dwarf;
				ENABLE_STRICT_OBJC_MSGSEND = YES;
				ENABLE_TESTABILITY = YES;
				GCC_C_LANGUAGE_STANDARD = gnu11;
				GCC_DYNAMIC_NO_PIC = NO;
				GCC_NO_COMMON_BLOCKS = YES;
				GCC_OPTIMIZATION_LEVEL = 0;
				GCC_PREPROCESSOR_DEFINITIONS = (
					"DEBUG=1",
					"$(inherited)",
				);
				GCC_WARN_64_TO_32_BIT_CONVERSION = YES;
				GCC_WARN_ABOUT_RETURN_TYPE = YES_ERROR;
				GCC_WARN_UNDECLARED_SELECTOR = YES;
				GCC_WARN_UNINITIALIZED_AUTOS = YES_AGGRESSIVE;
				GCC_WARN_UNUSED_FUNCTION = YES;
				GCC_WARN_UNUSED_VARIABLE = YES;
				IPHONEOS_DEPLOYMENT_TARGET = 16.0;
				MTL_ENABLE_DEBUG_INFO = INCLUDE_SOURCE;
				MTL_FAST_MATH = YES;
				ONLY_ACTIVE_ARCH = YES;
				SDKROOT = iphoneos;
				SWIFT_ACTIVE_COMPILATION_CONDITIONS = DEBUG;
				SWIFT_OPTIMIZATION_LEVEL = "-Onone";
			};
			name = Debug;
		};
		7364450029E4177400A80EEC /* Release */ = {
			isa = XCBuildConfiguration;
			buildSettings = {
				ALWAYS_SEARCH_USER_PATHS = NO;
				CLANG_ANALYZER_NONNULL = YES;
				CLANG_ANALYZER_NUMBER_OBJECT_CONVERSION = YES_AGGRESSIVE;
				CLANG_CXX_LANGUAGE_STANDARD = "gnu++20";
				CLANG_ENABLE_MODULES = YES;
				CLANG_ENABLE_OBJC_ARC = YES;
				CLANG_ENABLE_OBJC_WEAK = YES;
				CLANG_WARN_BLOCK_CAPTURE_AUTORELEASING = YES;
				CLANG_WARN_BOOL_CONVERSION = YES;
				CLANG_WARN_COMMA = YES;
				CLANG_WARN_CONSTANT_CONVERSION = YES;
				CLANG_WARN_DEPRECATED_OBJC_IMPLEMENTATIONS = YES;
				CLANG_WARN_DIRECT_OBJC_ISA_USAGE = YES_ERROR;
				CLANG_WARN_DOCUMENTATION_COMMENTS = YES;
				CLANG_WARN_EMPTY_BODY = YES;
				CLANG_WARN_ENUM_CONVERSION = YES;
				CLANG_WARN_INFINITE_RECURSION = YES;
				CLANG_WARN_INT_CONVERSION = YES;
				CLANG_WARN_NON_LITERAL_NULL_CONVERSION = YES;
				CLANG_WARN_OBJC_IMPLICIT_RETAIN_SELF = YES;
				CLANG_WARN_OBJC_LITERAL_CONVERSION = YES;
				CLANG_WARN_OBJC_ROOT_CLASS = YES_ERROR;
				CLANG_WARN_QUOTED_INCLUDE_IN_FRAMEWORK_HEADER = YES;
				CLANG_WARN_RANGE_LOOP_ANALYSIS = YES;
				CLANG_WARN_STRICT_PROTOTYPES = YES;
				CLANG_WARN_SUSPICIOUS_MOVE = YES;
				CLANG_WARN_UNGUARDED_AVAILABILITY = YES_AGGRESSIVE;
				CLANG_WARN_UNREACHABLE_CODE = YES;
				CLANG_WARN__DUPLICATE_METHOD_MATCH = YES;
				COPY_PHASE_STRIP = NO;
				DEBUG_INFORMATION_FORMAT = "dwarf-with-dsym";
				ENABLE_NS_ASSERTIONS = NO;
				ENABLE_STRICT_OBJC_MSGSEND = YES;
				GCC_C_LANGUAGE_STANDARD = gnu11;
				GCC_NO_COMMON_BLOCKS = YES;
				GCC_WARN_64_TO_32_BIT_CONVERSION = YES;
				GCC_WARN_ABOUT_RETURN_TYPE = YES_ERROR;
				GCC_WARN_UNDECLARED_SELECTOR = YES;
				GCC_WARN_UNINITIALIZED_AUTOS = YES_AGGRESSIVE;
				GCC_WARN_UNUSED_FUNCTION = YES;
				GCC_WARN_UNUSED_VARIABLE = YES;
				IPHONEOS_DEPLOYMENT_TARGET = 16.0;
				MTL_ENABLE_DEBUG_INFO = NO;
				MTL_FAST_MATH = YES;
				SDKROOT = iphoneos;
				SWIFT_COMPILATION_MODE = wholemodule;
				SWIFT_OPTIMIZATION_LEVEL = "-O";
				VALIDATE_PRODUCT = YES;
			};
			name = Release;
		};
		7364450229E4177400A80EEC /* Debug */ = {
			isa = XCBuildConfiguration;
			buildSettings = {
				ASSETCATALOG_COMPILER_APPICON_NAME = AppIcon;
				ASSETCATALOG_COMPILER_GLOBAL_ACCENT_COLOR_NAME = AccentColor;
				CODE_SIGN_STYLE = Automatic;
				CURRENT_PROJECT_VERSION = 1;
				DEVELOPMENT_ASSET_PATHS = "\"Tokenizer/Preview Content\"";
				DEVELOPMENT_TEAM = 4U8DMJ33ZN;
				ENABLE_PREVIEWS = YES;
				GENERATE_INFOPLIST_FILE = YES;
				INFOPLIST_KEY_UIApplicationSceneManifest_Generation = YES;
				INFOPLIST_KEY_UIApplicationSupportsIndirectInputEvents = YES;
				INFOPLIST_KEY_UILaunchScreen_Generation = YES;
				INFOPLIST_KEY_UISupportedInterfaceOrientations_iPad = "UIInterfaceOrientationPortrait UIInterfaceOrientationPortraitUpsideDown UIInterfaceOrientationLandscapeLeft UIInterfaceOrientationLandscapeRight";
				INFOPLIST_KEY_UISupportedInterfaceOrientations_iPhone = "UIInterfaceOrientationPortrait UIInterfaceOrientationLandscapeLeft UIInterfaceOrientationLandscapeRight";
				LD_RUNPATH_SEARCH_PATHS = (
					"$(inherited)",
					"@executable_path/Frameworks",
				);
				MARKETING_VERSION = 1.0;
				PRODUCT_BUNDLE_IDENTIFIER = com.yamany.Tokenizer;
				PRODUCT_NAME = "$(TARGET_NAME)";
				SWIFT_EMIT_LOC_STRINGS = YES;
				SWIFT_VERSION = 5.0;
				TARGETED_DEVICE_FAMILY = "1,2";
			};
			name = Debug;
		};
		7364450329E4177400A80EEC /* Release */ = {
			isa = XCBuildConfiguration;
			buildSettings = {
				ASSETCATALOG_COMPILER_APPICON_NAME = AppIcon;
				ASSETCATALOG_COMPILER_GLOBAL_ACCENT_COLOR_NAME = AccentColor;
				CODE_SIGN_STYLE = Automatic;
				CURRENT_PROJECT_VERSION = 1;
				DEVELOPMENT_ASSET_PATHS = "\"Tokenizer/Preview Content\"";
				DEVELOPMENT_TEAM = 4U8DMJ33ZN;
				ENABLE_PREVIEWS = YES;
				GENERATE_INFOPLIST_FILE = YES;
				INFOPLIST_KEY_UIApplicationSceneManifest_Generation = YES;
				INFOPLIST_KEY_UIApplicationSupportsIndirectInputEvents = YES;
				INFOPLIST_KEY_UILaunchScreen_Generation = YES;
				INFOPLIST_KEY_UISupportedInterfaceOrientations_iPad = "UIInterfaceOrientationPortrait UIInterfaceOrientationPortraitUpsideDown UIInterfaceOrientationLandscapeLeft UIInterfaceOrientationLandscapeRight";
				INFOPLIST_KEY_UISupportedInterfaceOrientations_iPhone = "UIInterfaceOrientationPortrait UIInterfaceOrientationLandscapeLeft UIInterfaceOrientationLandscapeRight";
				LD_RUNPATH_SEARCH_PATHS = (
					"$(inherited)",
					"@executable_path/Frameworks",
				);
				MARKETING_VERSION = 1.0;
				PRODUCT_BUNDLE_IDENTIFIER = com.yamany.Tokenizer;
				PRODUCT_NAME = "$(TARGET_NAME)";
				SWIFT_EMIT_LOC_STRINGS = YES;
				SWIFT_VERSION = 5.0;
				TARGETED_DEVICE_FAMILY = "1,2";
			};
			name = Release;
		};
/* End XCBuildConfiguration section */

/* Begin XCConfigurationList section */
		736444EE29E4177300A80EEC /* Build configuration list for PBXProject "Tokenizer" */ = {
			isa = XCConfigurationList;
			buildConfigurations = (
				736444FF29E4177400A80EEC /* Debug */,
				7364450029E4177400A80EEC /* Release */,
			);
			defaultConfigurationIsVisible = 0;
			defaultConfigurationName = Release;
		};
		7364450129E4177400A80EEC /* Build configuration list for PBXNativeTarget "Tokenizer" */ = {
			isa = XCConfigurationList;
			buildConfigurations = (
				7364450229E4177400A80EEC /* Debug */,
				7364450329E4177400A80EEC /* Release */,
			);
			defaultConfigurationIsVisible = 0;
			defaultConfigurationName = Release;
		};
/* End XCConfigurationList section */
	};
	rootObject = 736444EB29E4177300A80EEC /* Project object */;
}
